
Microsoft Visual Studio Solution File, Format Version 12.00
# Visual Studio Version 17
VisualStudioVersion = 17.5.002.0
MinimumVisualStudioVersion = 10.0.40219.1
Project("{9A19103F-16F7-4668-BE54-9A1E7A4F7556}") = "FluxoCaixaApp", "FluxoCaixaApp.csproj", "{08D90123-A56B-42B8-9D9C-F139ACEAAAB0}"
EndProject
Global
	GlobalSection(SolutionConfigurationPlatforms) = preSolution
		Debug|Any CPU = Debug|Any CPU
		Release|Any CPU = Release|Any CPU
	EndGlobalSection
	GlobalSection(ProjectConfigurationPlatforms) = postSolution
		{08D90123-A56B-42B8-9D9C-F139ACEAAAB0}.Debug|Any CPU.ActiveCfg = Debug|Any CPU
		{08D90123-A56B-42B8-9D9C-F139ACEAAAB0}.Debug|Any CPU.Build.0 = Debug|Any CPU
		{08D90123-A56B-42B8-9D9C-F139ACEAAAB0}.Release|Any CPU.ActiveCfg = Release|Any CPU
		{08D90123-A56B-42B8-9D9C-F139ACEAAAB0}.Release|Any CPU.Build.0 = Release|Any CPU
	EndGlobalSection
	GlobalSection(SolutionProperties) = preSolution
		HideSolutionNode = FALSE
	EndGlobalSection
	GlobalSection(ExtensibilityGlobals) = postSolution
		SolutionGuid = {EA8A3496-CA11-4522-A5A6-4B78078F5188}
	EndGlobalSection
EndGlobal
